
Microsoft Visual Studio Solution File, Format Version 12.00
# Visual Studio Version 17
VisualStudioVersion = 17.4.33213.308
MinimumVisualStudioVersion = 10.0.40219.1
Project("{FAE04EC0-301F-11D3-BF4B-00C04F79EFBC}") = "E-learning-Back", "E-learning-Back\E-learning-Back.csproj", "{D777362E-F6B4-4E81-A156-021F9C469EA9}"
EndProject
Global
	GlobalSection(SolutionConfigurationPlatforms) = preSolution
		Debug|Any CPU = Debug|Any CPU
		Release|Any CPU = Release|Any CPU
	EndGlobalSection
	GlobalSection(ProjectConfigurationPlatforms) = postSolution
		{D777362E-F6B4-4E81-A156-021F9C469EA9}.Debug|Any CPU.ActiveCfg = Debug|Any CPU
		{D777362E-F6B4-4E81-A156-021F9C469EA9}.Debug|Any CPU.Build.0 = Debug|Any CPU
		{D777362E-F6B4-4E81-A156-021F9C469EA9}.Release|Any CPU.ActiveCfg = Release|Any CPU
		{D777362E-F6B4-4E81-A156-021F9C469EA9}.Release|Any CPU.Build.0 = Release|Any CPU
	EndGlobalSection
	GlobalSection(SolutionProperties) = preSolution
		HideSolutionNode = FALSE
	EndGlobalSection
	GlobalSection(ExtensibilityGlobals) = postSolution
		SolutionGuid = {A14AC5B9-0D04-4A9B-9BF7-3BAFC50119F3}
	EndGlobalSection
EndGlobal
